// !$*UTF8*$!
{
	archiveVersion = 1;
	classes = {
	};
	objectVersion = 46;
	objects = {

/* Begin PBXBuildFile section */
		B36703802896357400F75595 /* PVBliss.h in Headers */ = {isa = PBXBuildFile; fileRef = B367037F2896357400F75595 /* PVBliss.h */; settings = {ATTRIBUTES = (Public, ); }; };
		B36703842896358400F75595 /* GROM.cpp in Sources */ = {isa = PBXBuildFile; fileRef = 275CEED919D5194C00901DD8 /* GROM.cpp */; };
		B36703852896358400F75595 /* VideoBus.cpp in Sources */ = {isa = PBXBuildFile; fileRef = 275CEEE319D5194C00901DD8 /* VideoBus.cpp */; };
		B36703862896358400F75595 /* BlissGameCore.mm in Sources */ = {isa = PBXBuildFile; fileRef = C66DFC180F51D82F0080AA28 /* BlissGameCore.mm */; };
		B36703872896358400F75595 /* SP0256_Registers.cpp in Sources */ = {isa = PBXBuildFile; fileRef = 275CEE7519D518D200901DD8 /* SP0256_Registers.cpp */; };
		B36703882896358400F75595 /* ProcessorBus.cpp in Sources */ = {isa = PBXBuildFile; fileRef = 275CEE8819D518E500901DD8 /* ProcessorBus.cpp */; };
		B36703892896358400F75595 /* AY38914_Registers.cpp in Sources */ = {isa = PBXBuildFile; fileRef = 275CEE6C19D518D200901DD8 /* AY38914_Registers.cpp */; };
		B367038A2896358400F75595 /* MOB.cpp in Sources */ = {isa = PBXBuildFile; fileRef = 275CEEDF19D5194C00901DD8 /* MOB.cpp */; };
		B367038B2896358400F75595 /* JoyPad.cpp in Sources */ = {isa = PBXBuildFile; fileRef = 275CEE5A19D5189B00901DD8 /* JoyPad.cpp */; };
		B367038C2896358400F75595 /* 6502c.cpp in Sources */ = {isa = PBXBuildFile; fileRef = 275CEE8219D518E500901DD8 /* 6502c.cpp */; };
		B367038D2896358400F75595 /* ECS.cpp in Sources */ = {isa = PBXBuildFile; fileRef = 275CEE4919D5189200901DD8 /* ECS.cpp */; };
		B367038E2896358400F75595 /* Rip.cpp in Sources */ = {isa = PBXBuildFile; fileRef = 275CEEC219D5193F00901DD8 /* Rip.cpp */; };
		B367038F2896358400F75595 /* ROM.cpp in Sources */ = {isa = PBXBuildFile; fileRef = 275CEEA519D518FF00901DD8 /* ROM.cpp */; };
		B36703902896358400F75595 /* InputProducerManager.cpp in Sources */ = {isa = PBXBuildFile; fileRef = 275CEE9519D518F600901DD8 /* InputProducerManager.cpp */; };
		B36703912896358400F75595 /* HandController.cpp in Sources */ = {isa = PBXBuildFile; fileRef = 275CEE4D19D5189200901DD8 /* HandController.cpp */; };
		B36703922896358400F75595 /* BackTabRAM.cpp in Sources */ = {isa = PBXBuildFile; fileRef = 275CEED519D5194C00901DD8 /* BackTabRAM.cpp */; };
		B36703932896358400F75595 /* Peripheral.cpp in Sources */ = {isa = PBXBuildFile; fileRef = 275CEEF319D5195B00901DD8 /* Peripheral.cpp */; };
		B36703942896358400F75595 /* Antic_Registers.cpp in Sources */ = {isa = PBXBuildFile; fileRef = 275CEECD19D5194C00901DD8 /* Antic_Registers.cpp */; };
		B36703952896358400F75595 /* Intellivision.cpp in Sources */ = {isa = PBXBuildFile; fileRef = 275CEE4F19D5189200901DD8 /* Intellivision.cpp */; };
		B36703962896358400F75595 /* AudioOutputLine.cpp in Sources */ = {isa = PBXBuildFile; fileRef = 275CEE6619D518D200901DD8 /* AudioOutputLine.cpp */; };
		B36703972896358400F75595 /* ROMBanker.cpp in Sources */ = {isa = PBXBuildFile; fileRef = 275CEEA719D518FF00901DD8 /* ROMBanker.cpp */; };
		B36703982896358400F75595 /* AY38900_Registers.cpp in Sources */ = {isa = PBXBuildFile; fileRef = 275CEED119D5194C00901DD8 /* AY38900_Registers.cpp */; };
		B36703992896358400F75595 /* ripxbf.c in Sources */ = {isa = PBXBuildFile; fileRef = 275CEEC419D5193F00901DD8 /* ripxbf.c */; };
		B367039A2896358400F75595 /* InputConsumerObject.cpp in Sources */ = {isa = PBXBuildFile; fileRef = 275CEE9219D518F600901DD8 /* InputConsumerObject.cpp */; };
		B367039B2896358400F75595 /* KeyboardInputProducer.cpp in Sources */ = {isa = PBXBuildFile; fileRef = 275CEE9919D518F600901DD8 /* KeyboardInputProducer.cpp */; };
		B367039C2896358400F75595 /* Atari5200.cpp in Sources */ = {isa = PBXBuildFile; fileRef = 275CEE5819D5189B00901DD8 /* Atari5200.cpp */; };
		B367039D2896358400F75595 /* AY38914_Channel.cpp in Sources */ = {isa = PBXBuildFile; fileRef = 275CEE6919D518D200901DD8 /* AY38914_Channel.cpp */; };
		B367039E2896358400F75595 /* Pokey_Registers.cpp in Sources */ = {isa = PBXBuildFile; fileRef = 275CEE7119D518D200901DD8 /* Pokey_Registers.cpp */; };
		B367039F2896358400F75595 /* CP1610.cpp in Sources */ = {isa = PBXBuildFile; fileRef = 275CEE8419D518E500901DD8 /* CP1610.cpp */; };
		B36703A02896358400F75595 /* RAM.cpp in Sources */ = {isa = PBXBuildFile; fileRef = 275CEEA319D518FF00901DD8 /* RAM.cpp */; };
		B36703A12896358400F75595 /* GTIA_Registers.cpp in Sources */ = {isa = PBXBuildFile; fileRef = 275CEEDB19D5194C00901DD8 /* GTIA_Registers.cpp */; };
		B36703A22896358400F75595 /* Intellivoice.cpp in Sources */ = {isa = PBXBuildFile; fileRef = 275CEE5119D5189200901DD8 /* Intellivoice.cpp */; };
		B36703A32896358400F75595 /* ioapi.c in Sources */ = {isa = PBXBuildFile; fileRef = 275CEEC019D5193F00901DD8 /* ioapi.c */; };
		B36703A42896358400F75595 /* Pokey.cpp in Sources */ = {isa = PBXBuildFile; fileRef = 275CEE7319D518D200901DD8 /* Pokey.cpp */; };
		B36703A52896358400F75595 /* AY38914.cpp in Sources */ = {isa = PBXBuildFile; fileRef = 275CEE6E19D518D200901DD8 /* AY38914.cpp */; };
		B36703A62896358400F75595 /* GRAM.cpp in Sources */ = {isa = PBXBuildFile; fileRef = 275CEED719D5194C00901DD8 /* GRAM.cpp */; };
		B36703A72896358500F75595 /* SP0256.cpp in Sources */ = {isa = PBXBuildFile; fileRef = 275CEE7719D518D200901DD8 /* SP0256.cpp */; };
		B36703A82896358500F75595 /* MemoryBus.cpp in Sources */ = {isa = PBXBuildFile; fileRef = 275CEEA119D518FF00901DD8 /* MemoryBus.cpp */; };
		B36703A92896358500F75595 /* unzip.c in Sources */ = {isa = PBXBuildFile; fileRef = 275CEEC619D5193F00901DD8 /* unzip.c */; };
		B36703AA2896358500F75595 /* InputConsumerBus.cpp in Sources */ = {isa = PBXBuildFile; fileRef = 275CEE9019D518F600901DD8 /* InputConsumerBus.cpp */; };
		B36703AB2896358500F75595 /* AY38900.cpp in Sources */ = {isa = PBXBuildFile; fileRef = 275CEED319D5194C00901DD8 /* AY38900.cpp */; };
		B36703AC2896358500F75595 /* ECSKeyboard.cpp in Sources */ = {isa = PBXBuildFile; fileRef = 275CEE4B19D5189200901DD8 /* ECSKeyboard.cpp */; };
		B36703AD2896358500F75595 /* JoystickInputProducer.cpp in Sources */ = {isa = PBXBuildFile; fileRef = 275CEE9719D518F600901DD8 /* JoystickInputProducer.cpp */; };
		B36703AE2896358500F75595 /* GTIA.cpp in Sources */ = {isa = PBXBuildFile; fileRef = 275CEEDD19D5194C00901DD8 /* GTIA.cpp */; };
		B36703AF2896358500F75595 /* Emulator.cpp in Sources */ = {isa = PBXBuildFile; fileRef = 275CEEF119D5195B00901DD8 /* Emulator.cpp */; };
		B36703B02896358500F75595 /* CRC32.cpp in Sources */ = {isa = PBXBuildFile; fileRef = 275CEEBE19D5193F00901DD8 /* CRC32.cpp */; };
		B36703B12896358500F75595 /* Antic.cpp in Sources */ = {isa = PBXBuildFile; fileRef = 275CEECF19D5194C00901DD8 /* Antic.cpp */; };
		B36703B22896358500F75595 /* Processor.cpp in Sources */ = {isa = PBXBuildFile; fileRef = 275CEE8619D518E500901DD8 /* Processor.cpp */; };
		B36703B32896358500F75595 /* AudioMixer.cpp in Sources */ = {isa = PBXBuildFile; fileRef = 275CEE6419D518D200901DD8 /* AudioMixer.cpp */; };
		B36703B6289635C500F75595 /* PVBliss.h in Headers */ = {isa = PBXBuildFile; fileRef = B367037F2896357400F75595 /* PVBliss.h */; settings = {ATTRIBUTES = (Public, ); }; };
		B36703B8289635C500F75595 /* MemoryBus.cpp in Sources */ = {isa = PBXBuildFile; fileRef = 275CEEA119D518FF00901DD8 /* MemoryBus.cpp */; };
		B36703B9289635C500F75595 /* SP0256_Registers.cpp in Sources */ = {isa = PBXBuildFile; fileRef = 275CEE7519D518D200901DD8 /* SP0256_Registers.cpp */; };
		B36703BA289635C500F75595 /* MOB.cpp in Sources */ = {isa = PBXBuildFile; fileRef = 275CEEDF19D5194C00901DD8 /* MOB.cpp */; };
		B36703BB289635C500F75595 /* JoyPad.cpp in Sources */ = {isa = PBXBuildFile; fileRef = 275CEE5A19D5189B00901DD8 /* JoyPad.cpp */; };
		B36703BC289635C500F75595 /* AY38914.cpp in Sources */ = {isa = PBXBuildFile; fileRef = 275CEE6E19D518D200901DD8 /* AY38914.cpp */; };
		B36703BD289635C500F75595 /* Processor.cpp in Sources */ = {isa = PBXBuildFile; fileRef = 275CEE8619D518E500901DD8 /* Processor.cpp */; };
		B36703BE289635C500F75595 /* BackTabRAM.cpp in Sources */ = {isa = PBXBuildFile; fileRef = 275CEED519D5194C00901DD8 /* BackTabRAM.cpp */; };
		B36703BF289635C500F75595 /* VideoBus.cpp in Sources */ = {isa = PBXBuildFile; fileRef = 275CEEE319D5194C00901DD8 /* VideoBus.cpp */; };
		B36703C0289635C500F75595 /* ProcessorBus.cpp in Sources */ = {isa = PBXBuildFile; fileRef = 275CEE8819D518E500901DD8 /* ProcessorBus.cpp */; };
		B36703C1289635C500F75595 /* ripxbf.c in Sources */ = {isa = PBXBuildFile; fileRef = 275CEEC419D5193F00901DD8 /* ripxbf.c */; };
		B36703C2289635C500F75595 /* BlissGameCore.mm in Sources */ = {isa = PBXBuildFile; fileRef = C66DFC180F51D82F0080AA28 /* BlissGameCore.mm */; };
		B36703C3289635C500F75595 /* JoystickInputProducer.cpp in Sources */ = {isa = PBXBuildFile; fileRef = 275CEE9719D518F600901DD8 /* JoystickInputProducer.cpp */; };
		B36703C4289635C500F75595 /* ROMBanker.cpp in Sources */ = {isa = PBXBuildFile; fileRef = 275CEEA719D518FF00901DD8 /* ROMBanker.cpp */; };
		B36703C5289635C500F75595 /* Antic_Registers.cpp in Sources */ = {isa = PBXBuildFile; fileRef = 275CEECD19D5194C00901DD8 /* Antic_Registers.cpp */; };
		B36703C6289635C500F75595 /* unzip.c in Sources */ = {isa = PBXBuildFile; fileRef = 275CEEC619D5193F00901DD8 /* unzip.c */; };
		B36703C7289635C500F75595 /* ioapi.c in Sources */ = {isa = PBXBuildFile; fileRef = 275CEEC019D5193F00901DD8 /* ioapi.c */; };
		B36703C8289635C500F75595 /* ROM.cpp in Sources */ = {isa = PBXBuildFile; fileRef = 275CEEA519D518FF00901DD8 /* ROM.cpp */; };
		B36703C9289635C500F75595 /* Pokey_Registers.cpp in Sources */ = {isa = PBXBuildFile; fileRef = 275CEE7119D518D200901DD8 /* Pokey_Registers.cpp */; };
		B36703CA289635C500F75595 /* AY38914_Registers.cpp in Sources */ = {isa = PBXBuildFile; fileRef = 275CEE6C19D518D200901DD8 /* AY38914_Registers.cpp */; };
		B36703CB289635C500F75595 /* AudioOutputLine.cpp in Sources */ = {isa = PBXBuildFile; fileRef = 275CEE6619D518D200901DD8 /* AudioOutputLine.cpp */; };
		B36703CC289635C500F75595 /* Atari5200.cpp in Sources */ = {isa = PBXBuildFile; fileRef = 275CEE5819D5189B00901DD8 /* Atari5200.cpp */; };
		B36703CD289635C500F75595 /* Intellivoice.cpp in Sources */ = {isa = PBXBuildFile; fileRef = 275CEE5119D5189200901DD8 /* Intellivoice.cpp */; };
		B36703CE289635C500F75595 /* ECS.cpp in Sources */ = {isa = PBXBuildFile; fileRef = 275CEE4919D5189200901DD8 /* ECS.cpp */; };
		B36703CF289635C500F75595 /* Intellivision.cpp in Sources */ = {isa = PBXBuildFile; fileRef = 275CEE4F19D5189200901DD8 /* Intellivision.cpp */; };
		B36703D0289635C500F75595 /* RAM.cpp in Sources */ = {isa = PBXBuildFile; fileRef = 275CEEA319D518FF00901DD8 /* RAM.cpp */; };
		B36703D1289635C500F75595 /* KeyboardInputProducer.cpp in Sources */ = {isa = PBXBuildFile; fileRef = 275CEE9919D518F600901DD8 /* KeyboardInputProducer.cpp */; };
		B36703D2289635C500F75595 /* InputProducerManager.cpp in Sources */ = {isa = PBXBuildFile; fileRef = 275CEE9519D518F600901DD8 /* InputProducerManager.cpp */; };
		B36703D3289635C500F75595 /* Emulator.cpp in Sources */ = {isa = PBXBuildFile; fileRef = 275CEEF119D5195B00901DD8 /* Emulator.cpp */; };
		B36703D4289635C500F75595 /* Peripheral.cpp in Sources */ = {isa = PBXBuildFile; fileRef = 275CEEF319D5195B00901DD8 /* Peripheral.cpp */; };
		B36703D5289635C500F75595 /* ECSKeyboard.cpp in Sources */ = {isa = PBXBuildFile; fileRef = 275CEE4B19D5189200901DD8 /* ECSKeyboard.cpp */; };
		B36703D6289635C500F75595 /* AY38900.cpp in Sources */ = {isa = PBXBuildFile; fileRef = 275CEED319D5194C00901DD8 /* AY38900.cpp */; };
		B36703D7289635C500F75595 /* 6502c.cpp in Sources */ = {isa = PBXBuildFile; fileRef = 275CEE8219D518E500901DD8 /* 6502c.cpp */; };
		B36703D8289635C500F75595 /* GTIA.cpp in Sources */ = {isa = PBXBuildFile; fileRef = 275CEEDD19D5194C00901DD8 /* GTIA.cpp */; };
		B36703D9289635C500F75595 /* Rip.cpp in Sources */ = {isa = PBXBuildFile; fileRef = 275CEEC219D5193F00901DD8 /* Rip.cpp */; };
		B36703DA289635C500F75595 /* CP1610.cpp in Sources */ = {isa = PBXBuildFile; fileRef = 275CEE8419D518E500901DD8 /* CP1610.cpp */; };
		B36703DB289635C500F75595 /* InputConsumerObject.cpp in Sources */ = {isa = PBXBuildFile; fileRef = 275CEE9219D518F600901DD8 /* InputConsumerObject.cpp */; };
		B36703DC289635C500F75595 /* Antic.cpp in Sources */ = {isa = PBXBuildFile; fileRef = 275CEECF19D5194C00901DD8 /* Antic.cpp */; };
		B36703DD289635C500F75595 /* Pokey.cpp in Sources */ = {isa = PBXBuildFile; fileRef = 275CEE7319D518D200901DD8 /* Pokey.cpp */; };
		B36703DE289635C500F75595 /* AudioMixer.cpp in Sources */ = {isa = PBXBuildFile; fileRef = 275CEE6419D518D200901DD8 /* AudioMixer.cpp */; };
		B36703DF289635C500F75595 /* InputConsumerBus.cpp in Sources */ = {isa = PBXBuildFile; fileRef = 275CEE9019D518F600901DD8 /* InputConsumerBus.cpp */; };
		B36703E0289635C500F75595 /* GRAM.cpp in Sources */ = {isa = PBXBuildFile; fileRef = 275CEED719D5194C00901DD8 /* GRAM.cpp */; };
		B36703E1289635C500F75595 /* HandController.cpp in Sources */ = {isa = PBXBuildFile; fileRef = 275CEE4D19D5189200901DD8 /* HandController.cpp */; };
		B36703E2289635C500F75595 /* SP0256.cpp in Sources */ = {isa = PBXBuildFile; fileRef = 275CEE7719D518D200901DD8 /* SP0256.cpp */; };
		B36703E3289635C500F75595 /* AY38900_Registers.cpp in Sources */ = {isa = PBXBuildFile; fileRef = 275CEED119D5194C00901DD8 /* AY38900_Registers.cpp */; };
		B36703E4289635C500F75595 /* CRC32.cpp in Sources */ = {isa = PBXBuildFile; fileRef = 275CEEBE19D5193F00901DD8 /* CRC32.cpp */; };
		B36703E5289635C500F75595 /* GROM.cpp in Sources */ = {isa = PBXBuildFile; fileRef = 275CEED919D5194C00901DD8 /* GROM.cpp */; };
		B36703E6289635C500F75595 /* AY38914_Channel.cpp in Sources */ = {isa = PBXBuildFile; fileRef = 275CEE6919D518D200901DD8 /* AY38914_Channel.cpp */; };
		B36703E7289635C500F75595 /* GTIA_Registers.cpp in Sources */ = {isa = PBXBuildFile; fileRef = 275CEEDB19D5194C00901DD8 /* GTIA_Registers.cpp */; };
		B3D17FFA28963A54001207AF /* PVSupport.framework in Frameworks */ = {isa = PBXBuildFile; fileRef = B3D17FF928963A54001207AF /* PVSupport.framework */; };
		B3D17FFD28963A5C001207AF /* Foundation.framework in Frameworks */ = {isa = PBXBuildFile; fileRef = 089C1672FE841209C02AAC07 /* Foundation.framework */; };
		B3D17FFF28963A63001207AF /* UIKit.framework in Frameworks */ = {isa = PBXBuildFile; fileRef = B3D17FFE28963A63001207AF /* UIKit.framework */; };
		B3D1800128963A6C001207AF /* PVSupport.framework in Frameworks */ = {isa = PBXBuildFile; fileRef = B3D1800028963A6C001207AF /* PVSupport.framework */; };
		B3D1800528963A74001207AF /* UIKit.framework in Frameworks */ = {isa = PBXBuildFile; fileRef = B3D1800428963A74001207AF /* UIKit.framework */; };
		B3D1800728963A79001207AF /* Foundation.framework in Frameworks */ = {isa = PBXBuildFile; fileRef = B3D1800628963A79001207AF /* Foundation.framework */; };
		B3D1800B28963BD9001207AF /* BlissGameCore.h in Headers */ = {isa = PBXBuildFile; fileRef = C66DFC190F51D82F0080AA28 /* BlissGameCore.h */; settings = {ATTRIBUTES = (Public, ); }; };
		B3D1800C28963BD9001207AF /* BlissGameCore.h in Headers */ = {isa = PBXBuildFile; fileRef = C66DFC190F51D82F0080AA28 /* BlissGameCore.h */; };
/* End PBXBuildFile section */

/* Begin PBXFileReference section */
		089C1672FE841209C02AAC07 /* Foundation.framework */ = {isa = PBXFileReference; lastKnownFileType = wrapper.framework; name = Foundation.framework; path = System/Library/Frameworks/Foundation.framework; sourceTree = SDKROOT; };
		089C167EFE841241C02AAC07 /* en */ = {isa = PBXFileReference; fileEncoding = 4; lastKnownFileType = text.plist.strings; name = en; path = en.lproj/InfoPlist.strings; sourceTree = "<group>"; };
		089C167FFE841241C02AAC07 /* AppKit.framework */ = {isa = PBXFileReference; lastKnownFileType = wrapper.framework; name = AppKit.framework; path = System/Library/Frameworks/AppKit.framework; sourceTree = SDKROOT; };
		1058C7ADFEA557BF11CA2CBB /* Cocoa.framework */ = {isa = PBXFileReference; lastKnownFileType = wrapper.framework; name = Cocoa.framework; path = System/Library/Frameworks/Cocoa.framework; sourceTree = SDKROOT; };
		1B46D09C14293CAD0025EF88 /* libz.1.2.5.dylib */ = {isa = PBXFileReference; lastKnownFileType = "compiled.mach-o.dylib"; name = libz.1.2.5.dylib; path = usr/lib/libz.1.2.5.dylib; sourceTree = SDKROOT; };
		275CEE4919D5189200901DD8 /* ECS.cpp */ = {isa = PBXFileReference; fileEncoding = 4; lastKnownFileType = sourcecode.cpp.cpp; path = ECS.cpp; sourceTree = "<group>"; };
		275CEE4A19D5189200901DD8 /* ECS.h */ = {isa = PBXFileReference; fileEncoding = 4; lastKnownFileType = sourcecode.c.h; path = ECS.h; sourceTree = "<group>"; };
		275CEE4B19D5189200901DD8 /* ECSKeyboard.cpp */ = {isa = PBXFileReference; fileEncoding = 4; lastKnownFileType = sourcecode.cpp.cpp; path = ECSKeyboard.cpp; sourceTree = "<group>"; };
		275CEE4C19D5189200901DD8 /* ECSKeyboard.h */ = {isa = PBXFileReference; fileEncoding = 4; lastKnownFileType = sourcecode.c.h; path = ECSKeyboard.h; sourceTree = "<group>"; };
		275CEE4D19D5189200901DD8 /* HandController.cpp */ = {isa = PBXFileReference; fileEncoding = 4; lastKnownFileType = sourcecode.cpp.cpp; path = HandController.cpp; sourceTree = "<group>"; };
		275CEE4E19D5189200901DD8 /* HandController.h */ = {isa = PBXFileReference; fileEncoding = 4; lastKnownFileType = sourcecode.c.h; path = HandController.h; sourceTree = "<group>"; };
		275CEE4F19D5189200901DD8 /* Intellivision.cpp */ = {isa = PBXFileReference; fileEncoding = 4; lastKnownFileType = sourcecode.cpp.cpp; path = Intellivision.cpp; sourceTree = "<group>"; };
		275CEE5019D5189200901DD8 /* Intellivision.h */ = {isa = PBXFileReference; fileEncoding = 4; lastKnownFileType = sourcecode.c.h; path = Intellivision.h; sourceTree = "<group>"; };
		275CEE5119D5189200901DD8 /* Intellivoice.cpp */ = {isa = PBXFileReference; fileEncoding = 4; lastKnownFileType = sourcecode.cpp.cpp; path = Intellivoice.cpp; sourceTree = "<group>"; };
		275CEE5219D5189200901DD8 /* Intellivoice.h */ = {isa = PBXFileReference; fileEncoding = 4; lastKnownFileType = sourcecode.c.h; path = Intellivoice.h; sourceTree = "<group>"; };
		275CEE5819D5189B00901DD8 /* Atari5200.cpp */ = {isa = PBXFileReference; fileEncoding = 4; lastKnownFileType = sourcecode.cpp.cpp; path = Atari5200.cpp; sourceTree = "<group>"; };
		275CEE5919D5189B00901DD8 /* Atari5200.h */ = {isa = PBXFileReference; fileEncoding = 4; lastKnownFileType = sourcecode.c.h; path = Atari5200.h; sourceTree = "<group>"; };
		275CEE5A19D5189B00901DD8 /* JoyPad.cpp */ = {isa = PBXFileReference; fileEncoding = 4; lastKnownFileType = sourcecode.cpp.cpp; path = JoyPad.cpp; sourceTree = "<group>"; };
		275CEE5B19D5189B00901DD8 /* JoyPad.h */ = {isa = PBXFileReference; fileEncoding = 4; lastKnownFileType = sourcecode.c.h; path = JoyPad.h; sourceTree = "<group>"; };
		275CEE6419D518D200901DD8 /* AudioMixer.cpp */ = {isa = PBXFileReference; fileEncoding = 4; lastKnownFileType = sourcecode.cpp.cpp; path = AudioMixer.cpp; sourceTree = "<group>"; };
		275CEE6519D518D200901DD8 /* AudioMixer.h */ = {isa = PBXFileReference; fileEncoding = 4; lastKnownFileType = sourcecode.c.h; path = AudioMixer.h; sourceTree = "<group>"; };
		275CEE6619D518D200901DD8 /* AudioOutputLine.cpp */ = {isa = PBXFileReference; fileEncoding = 4; lastKnownFileType = sourcecode.cpp.cpp; path = AudioOutputLine.cpp; sourceTree = "<group>"; };
		275CEE6719D518D200901DD8 /* AudioOutputLine.h */ = {isa = PBXFileReference; fileEncoding = 4; lastKnownFileType = sourcecode.c.h; path = AudioOutputLine.h; sourceTree = "<group>"; };
		275CEE6819D518D200901DD8 /* AudioProducer.h */ = {isa = PBXFileReference; fileEncoding = 4; lastKnownFileType = sourcecode.c.h; path = AudioProducer.h; sourceTree = "<group>"; };
		275CEE6919D518D200901DD8 /* AY38914_Channel.cpp */ = {isa = PBXFileReference; fileEncoding = 4; lastKnownFileType = sourcecode.cpp.cpp; path = AY38914_Channel.cpp; sourceTree = "<group>"; };
		275CEE6A19D518D200901DD8 /* AY38914_Channel.h */ = {isa = PBXFileReference; fileEncoding = 4; lastKnownFileType = sourcecode.c.h; path = AY38914_Channel.h; sourceTree = "<group>"; };
		275CEE6B19D518D200901DD8 /* AY38914_InputOutput.h */ = {isa = PBXFileReference; fileEncoding = 4; lastKnownFileType = sourcecode.c.h; path = AY38914_InputOutput.h; sourceTree = "<group>"; };
		275CEE6C19D518D200901DD8 /* AY38914_Registers.cpp */ = {isa = PBXFileReference; fileEncoding = 4; lastKnownFileType = sourcecode.cpp.cpp; path = AY38914_Registers.cpp; sourceTree = "<group>"; };
		275CEE6D19D518D200901DD8 /* AY38914_Registers.h */ = {isa = PBXFileReference; fileEncoding = 4; lastKnownFileType = sourcecode.c.h; path = AY38914_Registers.h; sourceTree = "<group>"; };
		275CEE6E19D518D200901DD8 /* AY38914.cpp */ = {isa = PBXFileReference; fileEncoding = 4; lastKnownFileType = sourcecode.cpp.cpp; path = AY38914.cpp; sourceTree = "<group>"; };
		275CEE6F19D518D200901DD8 /* AY38914.h */ = {isa = PBXFileReference; fileEncoding = 4; lastKnownFileType = sourcecode.c.h; path = AY38914.h; sourceTree = "<group>"; };
		275CEE7019D518D200901DD8 /* Pokey_Input.h */ = {isa = PBXFileReference; fileEncoding = 4; lastKnownFileType = sourcecode.c.h; path = Pokey_Input.h; sourceTree = "<group>"; };
		275CEE7119D518D200901DD8 /* Pokey_Registers.cpp */ = {isa = PBXFileReference; fileEncoding = 4; lastKnownFileType = sourcecode.cpp.cpp; path = Pokey_Registers.cpp; sourceTree = "<group>"; };
		275CEE7219D518D200901DD8 /* Pokey_Registers.h */ = {isa = PBXFileReference; fileEncoding = 4; lastKnownFileType = sourcecode.c.h; path = Pokey_Registers.h; sourceTree = "<group>"; };
		275CEE7319D518D200901DD8 /* Pokey.cpp */ = {isa = PBXFileReference; fileEncoding = 4; lastKnownFileType = sourcecode.cpp.cpp; path = Pokey.cpp; sourceTree = "<group>"; };
		275CEE7419D518D200901DD8 /* Pokey.h */ = {isa = PBXFileReference; fileEncoding = 4; lastKnownFileType = sourcecode.c.h; path = Pokey.h; sourceTree = "<group>"; };
		275CEE7519D518D200901DD8 /* SP0256_Registers.cpp */ = {isa = PBXFileReference; fileEncoding = 4; lastKnownFileType = sourcecode.cpp.cpp; path = SP0256_Registers.cpp; sourceTree = "<group>"; };
		275CEE7619D518D200901DD8 /* SP0256_Registers.h */ = {isa = PBXFileReference; fileEncoding = 4; lastKnownFileType = sourcecode.c.h; path = SP0256_Registers.h; sourceTree = "<group>"; };
		275CEE7719D518D200901DD8 /* SP0256.cpp */ = {isa = PBXFileReference; fileEncoding = 4; lastKnownFileType = sourcecode.cpp.cpp; path = SP0256.cpp; sourceTree = "<group>"; };
		275CEE7819D518D200901DD8 /* SP0256.h */ = {isa = PBXFileReference; fileEncoding = 4; lastKnownFileType = sourcecode.c.h; path = SP0256.h; sourceTree = "<group>"; };
		275CEE8219D518E500901DD8 /* 6502c.cpp */ = {isa = PBXFileReference; fileEncoding = 4; lastKnownFileType = sourcecode.cpp.cpp; path = 6502c.cpp; sourceTree = "<group>"; };
		275CEE8319D518E500901DD8 /* 6502c.h */ = {isa = PBXFileReference; fileEncoding = 4; lastKnownFileType = sourcecode.c.h; path = 6502c.h; sourceTree = "<group>"; };
		275CEE8419D518E500901DD8 /* CP1610.cpp */ = {isa = PBXFileReference; fileEncoding = 4; lastKnownFileType = sourcecode.cpp.cpp; path = CP1610.cpp; sourceTree = "<group>"; };
		275CEE8519D518E500901DD8 /* CP1610.h */ = {isa = PBXFileReference; fileEncoding = 4; lastKnownFileType = sourcecode.c.h; path = CP1610.h; sourceTree = "<group>"; };
		275CEE8619D518E500901DD8 /* Processor.cpp */ = {isa = PBXFileReference; fileEncoding = 4; lastKnownFileType = sourcecode.cpp.cpp; path = Processor.cpp; sourceTree = "<group>"; };
		275CEE8719D518E500901DD8 /* Processor.h */ = {isa = PBXFileReference; fileEncoding = 4; lastKnownFileType = sourcecode.c.h; path = Processor.h; sourceTree = "<group>"; };
		275CEE8819D518E500901DD8 /* ProcessorBus.cpp */ = {isa = PBXFileReference; fileEncoding = 4; lastKnownFileType = sourcecode.cpp.cpp; path = ProcessorBus.cpp; sourceTree = "<group>"; };
		275CEE8919D518E500901DD8 /* ProcessorBus.h */ = {isa = PBXFileReference; fileEncoding = 4; lastKnownFileType = sourcecode.c.h; path = ProcessorBus.h; sourceTree = "<group>"; };
		275CEE8A19D518E500901DD8 /* SignalLine.h */ = {isa = PBXFileReference; fileEncoding = 4; lastKnownFileType = sourcecode.c.h; path = SignalLine.h; sourceTree = "<group>"; };
		275CEE8F19D518F600901DD8 /* InputConsumer.h */ = {isa = PBXFileReference; fileEncoding = 4; lastKnownFileType = sourcecode.c.h; path = InputConsumer.h; sourceTree = "<group>"; };
		275CEE9019D518F600901DD8 /* InputConsumerBus.cpp */ = {isa = PBXFileReference; fileEncoding = 4; lastKnownFileType = sourcecode.cpp.cpp; path = InputConsumerBus.cpp; sourceTree = "<group>"; };
		275CEE9119D518F600901DD8 /* InputConsumerBus.h */ = {isa = PBXFileReference; fileEncoding = 4; lastKnownFileType = sourcecode.c.h; path = InputConsumerBus.h; sourceTree = "<group>"; };
		275CEE9219D518F600901DD8 /* InputConsumerObject.cpp */ = {isa = PBXFileReference; fileEncoding = 4; lastKnownFileType = sourcecode.cpp.cpp; path = InputConsumerObject.cpp; sourceTree = "<group>"; };
		275CEE9319D518F600901DD8 /* InputConsumerObject.h */ = {isa = PBXFileReference; fileEncoding = 4; lastKnownFileType = sourcecode.c.h; path = InputConsumerObject.h; sourceTree = "<group>"; };
		275CEE9419D518F600901DD8 /* InputProducer.h */ = {isa = PBXFileReference; fileEncoding = 4; lastKnownFileType = sourcecode.c.h; path = InputProducer.h; sourceTree = "<group>"; };
		275CEE9519D518F600901DD8 /* InputProducerManager.cpp */ = {isa = PBXFileReference; fileEncoding = 4; lastKnownFileType = sourcecode.cpp.cpp; path = InputProducerManager.cpp; sourceTree = "<group>"; };
		275CEE9619D518F600901DD8 /* InputProducerManager.h */ = {isa = PBXFileReference; fileEncoding = 4; lastKnownFileType = sourcecode.c.h; path = InputProducerManager.h; sourceTree = "<group>"; };
		275CEE9719D518F600901DD8 /* JoystickInputProducer.cpp */ = {isa = PBXFileReference; fileEncoding = 4; lastKnownFileType = sourcecode.cpp.cpp; path = JoystickInputProducer.cpp; sourceTree = "<group>"; };
		275CEE9819D518F600901DD8 /* JoystickInputProducer.h */ = {isa = PBXFileReference; fileEncoding = 4; lastKnownFileType = sourcecode.c.h; path = JoystickInputProducer.h; sourceTree = "<group>"; };
		275CEE9919D518F600901DD8 /* KeyboardInputProducer.cpp */ = {isa = PBXFileReference; fileEncoding = 4; lastKnownFileType = sourcecode.cpp.cpp; path = KeyboardInputProducer.cpp; sourceTree = "<group>"; };
		275CEE9A19D518F600901DD8 /* KeyboardInputProducer.h */ = {isa = PBXFileReference; fileEncoding = 4; lastKnownFileType = sourcecode.c.h; path = KeyboardInputProducer.h; sourceTree = "<group>"; };
		275CEEA019D518FF00901DD8 /* Memory.h */ = {isa = PBXFileReference; fileEncoding = 4; lastKnownFileType = sourcecode.c.h; name = Memory.h; path = memory/Memory.h; sourceTree = "<group>"; };
		275CEEA119D518FF00901DD8 /* MemoryBus.cpp */ = {isa = PBXFileReference; fileEncoding = 4; lastKnownFileType = sourcecode.cpp.cpp; name = MemoryBus.cpp; path = memory/MemoryBus.cpp; sourceTree = "<group>"; };
		275CEEA219D518FF00901DD8 /* MemoryBus.h */ = {isa = PBXFileReference; fileEncoding = 4; lastKnownFileType = sourcecode.c.h; name = MemoryBus.h; path = memory/MemoryBus.h; sourceTree = "<group>"; };
		275CEEA319D518FF00901DD8 /* RAM.cpp */ = {isa = PBXFileReference; fileEncoding = 4; lastKnownFileType = sourcecode.cpp.cpp; name = RAM.cpp; path = memory/RAM.cpp; sourceTree = "<group>"; };
		275CEEA419D518FF00901DD8 /* RAM.h */ = {isa = PBXFileReference; fileEncoding = 4; lastKnownFileType = sourcecode.c.h; name = RAM.h; path = memory/RAM.h; sourceTree = "<group>"; };
		275CEEA519D518FF00901DD8 /* ROM.cpp */ = {isa = PBXFileReference; fileEncoding = 4; lastKnownFileType = sourcecode.cpp.cpp; name = ROM.cpp; path = memory/ROM.cpp; sourceTree = "<group>"; };
		275CEEA619D518FF00901DD8 /* ROM.h */ = {isa = PBXFileReference; fileEncoding = 4; lastKnownFileType = sourcecode.c.h; name = ROM.h; path = memory/ROM.h; sourceTree = "<group>"; };
		275CEEA719D518FF00901DD8 /* ROMBanker.cpp */ = {isa = PBXFileReference; fileEncoding = 4; lastKnownFileType = sourcecode.cpp.cpp; name = ROMBanker.cpp; path = memory/ROMBanker.cpp; sourceTree = "<group>"; };
		275CEEA819D518FF00901DD8 /* ROMBanker.h */ = {isa = PBXFileReference; fileEncoding = 4; lastKnownFileType = sourcecode.c.h; name = ROMBanker.h; path = memory/ROMBanker.h; sourceTree = "<group>"; };
		275CEEB119D5190E00901DD8 /* knowncarts.cfg */ = {isa = PBXFileReference; fileEncoding = 4; lastKnownFileType = text; name = knowncarts.cfg; path = Bliss/core/rip/knowncarts.cfg; sourceTree = "<group>"; };
		275CEEBE19D5193F00901DD8 /* CRC32.cpp */ = {isa = PBXFileReference; fileEncoding = 4; lastKnownFileType = sourcecode.cpp.cpp; path = CRC32.cpp; sourceTree = "<group>"; };
		275CEEBF19D5193F00901DD8 /* CRC32.h */ = {isa = PBXFileReference; fileEncoding = 4; lastKnownFileType = sourcecode.c.h; path = CRC32.h; sourceTree = "<group>"; };
		275CEEC019D5193F00901DD8 /* ioapi.c */ = {isa = PBXFileReference; fileEncoding = 4; lastKnownFileType = sourcecode.c.c; path = ioapi.c; sourceTree = "<group>"; };
		275CEEC119D5193F00901DD8 /* ioapi.h */ = {isa = PBXFileReference; fileEncoding = 4; lastKnownFileType = sourcecode.c.h; path = ioapi.h; sourceTree = "<group>"; };
		275CEEC219D5193F00901DD8 /* Rip.cpp */ = {isa = PBXFileReference; fileEncoding = 4; lastKnownFileType = sourcecode.cpp.cpp; path = Rip.cpp; sourceTree = "<group>"; };
		275CEEC319D5193F00901DD8 /* Rip.h */ = {isa = PBXFileReference; fileEncoding = 4; lastKnownFileType = sourcecode.c.h; path = Rip.h; sourceTree = "<group>"; };
		275CEEC419D5193F00901DD8 /* ripxbf.c */ = {isa = PBXFileReference; fileEncoding = 4; lastKnownFileType = sourcecode.c.c; path = ripxbf.c; sourceTree = "<group>"; };
		275CEEC519D5193F00901DD8 /* ripxbf.h */ = {isa = PBXFileReference; fileEncoding = 4; lastKnownFileType = sourcecode.c.h; path = ripxbf.h; sourceTree = "<group>"; };
		275CEEC619D5193F00901DD8 /* unzip.c */ = {isa = PBXFileReference; fileEncoding = 4; lastKnownFileType = sourcecode.c.c; path = unzip.c; sourceTree = "<group>"; };
		275CEEC719D5193F00901DD8 /* unzip.h */ = {isa = PBXFileReference; fileEncoding = 4; lastKnownFileType = sourcecode.c.h; path = unzip.h; sourceTree = "<group>"; };
		275CEECD19D5194C00901DD8 /* Antic_Registers.cpp */ = {isa = PBXFileReference; fileEncoding = 4; lastKnownFileType = sourcecode.cpp.cpp; path = Antic_Registers.cpp; sourceTree = "<group>"; };
		275CEECE19D5194C00901DD8 /* Antic_Registers.h */ = {isa = PBXFileReference; fileEncoding = 4; lastKnownFileType = sourcecode.c.h; path = Antic_Registers.h; sourceTree = "<group>"; };
		275CEECF19D5194C00901DD8 /* Antic.cpp */ = {isa = PBXFileReference; fileEncoding = 4; lastKnownFileType = sourcecode.cpp.cpp; path = Antic.cpp; sourceTree = "<group>"; };
		275CEED019D5194C00901DD8 /* Antic.h */ = {isa = PBXFileReference; fileEncoding = 4; lastKnownFileType = sourcecode.c.h; path = Antic.h; sourceTree = "<group>"; };
		275CEED119D5194C00901DD8 /* AY38900_Registers.cpp */ = {isa = PBXFileReference; fileEncoding = 4; lastKnownFileType = sourcecode.cpp.cpp; path = AY38900_Registers.cpp; sourceTree = "<group>"; };
		275CEED219D5194C00901DD8 /* AY38900_Registers.h */ = {isa = PBXFileReference; fileEncoding = 4; lastKnownFileType = sourcecode.c.h; path = AY38900_Registers.h; sourceTree = "<group>"; };
		275CEED319D5194C00901DD8 /* AY38900.cpp */ = {isa = PBXFileReference; fileEncoding = 4; lastKnownFileType = sourcecode.cpp.cpp; path = AY38900.cpp; sourceTree = "<group>"; };
		275CEED419D5194C00901DD8 /* AY38900.h */ = {isa = PBXFileReference; fileEncoding = 4; lastKnownFileType = sourcecode.c.h; path = AY38900.h; sourceTree = "<group>"; };
		275CEED519D5194C00901DD8 /* BackTabRAM.cpp */ = {isa = PBXFileReference; fileEncoding = 4; lastKnownFileType = sourcecode.cpp.cpp; path = BackTabRAM.cpp; sourceTree = "<group>"; };
		275CEED619D5194C00901DD8 /* BackTabRAM.h */ = {isa = PBXFileReference; fileEncoding = 4; lastKnownFileType = sourcecode.c.h; path = BackTabRAM.h; sourceTree = "<group>"; };
		275CEED719D5194C00901DD8 /* GRAM.cpp */ = {isa = PBXFileReference; fileEncoding = 4; lastKnownFileType = sourcecode.cpp.cpp; path = GRAM.cpp; sourceTree = "<group>"; };
		275CEED819D5194C00901DD8 /* GRAM.h */ = {isa = PBXFileReference; fileEncoding = 4; lastKnownFileType = sourcecode.c.h; path = GRAM.h; sourceTree = "<group>"; };
		275CEED919D5194C00901DD8 /* GROM.cpp */ = {isa = PBXFileReference; fileEncoding = 4; lastKnownFileType = sourcecode.cpp.cpp; path = GROM.cpp; sourceTree = "<group>"; };
		275CEEDA19D5194C00901DD8 /* GROM.h */ = {isa = PBXFileReference; fileEncoding = 4; lastKnownFileType = sourcecode.c.h; path = GROM.h; sourceTree = "<group>"; };
		275CEEDB19D5194C00901DD8 /* GTIA_Registers.cpp */ = {isa = PBXFileReference; fileEncoding = 4; lastKnownFileType = sourcecode.cpp.cpp; path = GTIA_Registers.cpp; sourceTree = "<group>"; };
		275CEEDC19D5194C00901DD8 /* GTIA_Registers.h */ = {isa = PBXFileReference; fileEncoding = 4; lastKnownFileType = sourcecode.c.h; path = GTIA_Registers.h; sourceTree = "<group>"; };
		275CEEDD19D5194C00901DD8 /* GTIA.cpp */ = {isa = PBXFileReference; fileEncoding = 4; lastKnownFileType = sourcecode.cpp.cpp; path = GTIA.cpp; sourceTree = "<group>"; };
		275CEEDE19D5194C00901DD8 /* GTIA.h */ = {isa = PBXFileReference; fileEncoding = 4; lastKnownFileType = sourcecode.c.h; path = GTIA.h; sourceTree = "<group>"; };
		275CEEDF19D5194C00901DD8 /* MOB.cpp */ = {isa = PBXFileReference; fileEncoding = 4; lastKnownFileType = sourcecode.cpp.cpp; path = MOB.cpp; sourceTree = "<group>"; };
		275CEEE019D5194C00901DD8 /* MOB.h */ = {isa = PBXFileReference; fileEncoding = 4; lastKnownFileType = sourcecode.c.h; path = MOB.h; sourceTree = "<group>"; };
		275CEEE119D5194C00901DD8 /* MOBRect.h */ = {isa = PBXFileReference; fileEncoding = 4; lastKnownFileType = sourcecode.c.h; path = MOBRect.h; sourceTree = "<group>"; };
		275CEEE219D5194C00901DD8 /* Palette.h */ = {isa = PBXFileReference; fileEncoding = 4; lastKnownFileType = sourcecode.c.h; path = Palette.h; sourceTree = "<group>"; };
		275CEEE319D5194C00901DD8 /* VideoBus.cpp */ = {isa = PBXFileReference; fileEncoding = 4; lastKnownFileType = sourcecode.cpp.cpp; path = VideoBus.cpp; sourceTree = "<group>"; };
		275CEEE419D5194C00901DD8 /* VideoBus.h */ = {isa = PBXFileReference; fileEncoding = 4; lastKnownFileType = sourcecode.c.h; path = VideoBus.h; sourceTree = "<group>"; };
		275CEEE519D5194C00901DD8 /* VideoProducer.h */ = {isa = PBXFileReference; fileEncoding = 4; lastKnownFileType = sourcecode.c.h; path = VideoProducer.h; sourceTree = "<group>"; };
		275CEEF119D5195B00901DD8 /* Emulator.cpp */ = {isa = PBXFileReference; fileEncoding = 4; lastKnownFileType = sourcecode.cpp.cpp; path = Emulator.cpp; sourceTree = "<group>"; };
		275CEEF219D5195B00901DD8 /* Emulator.h */ = {isa = PBXFileReference; fileEncoding = 4; lastKnownFileType = sourcecode.c.h; path = Emulator.h; sourceTree = "<group>"; };
		275CEEF319D5195B00901DD8 /* Peripheral.cpp */ = {isa = PBXFileReference; fileEncoding = 4; lastKnownFileType = sourcecode.cpp.cpp; path = Peripheral.cpp; sourceTree = "<group>"; };
		275CEEF419D5195B00901DD8 /* Peripheral.h */ = {isa = PBXFileReference; fileEncoding = 4; lastKnownFileType = sourcecode.c.h; path = Peripheral.h; sourceTree = "<group>"; };
		275CEEF519D5195B00901DD8 /* types.h */ = {isa = PBXFileReference; fileEncoding = 4; lastKnownFileType = sourcecode.c.h; path = types.h; sourceTree = "<group>"; };
		8D5B49B7048680CD000E48DA /* Info.plist */ = {isa = PBXFileReference; fileEncoding = 4; lastKnownFileType = text.plist.xml; path = Info.plist; sourceTree = "<group>"; };
		B367037D2896357300F75595 /* PVBliss.framework */ = {isa = PBXFileReference; explicitFileType = wrapper.framework; includeInIndex = 0; path = PVBliss.framework; sourceTree = BUILT_PRODUCTS_DIR; };
		B367037F2896357400F75595 /* PVBliss.h */ = {isa = PBXFileReference; lastKnownFileType = sourcecode.c.h; path = PVBliss.h; sourceTree = "<group>"; };
		B36703ED289635C500F75595 /* PVBliss-tvOS.framework */ = {isa = PBXFileReference; explicitFileType = wrapper.framework; includeInIndex = 0; path = "PVBliss-tvOS.framework"; sourceTree = BUILT_PRODUCTS_DIR; };
		B3D17FF928963A54001207AF /* PVSupport.framework */ = {isa = PBXFileReference; explicitFileType = wrapper.framework; path = PVSupport.framework; sourceTree = BUILT_PRODUCTS_DIR; };
		B3D17FFE28963A63001207AF /* UIKit.framework */ = {isa = PBXFileReference; lastKnownFileType = wrapper.framework; name = UIKit.framework; path = System/iOSSupport/System/Library/Frameworks/UIKit.framework; sourceTree = SDKROOT; };
		B3D1800028963A6C001207AF /* PVSupport.framework */ = {isa = PBXFileReference; explicitFileType = wrapper.framework; path = PVSupport.framework; sourceTree = BUILT_PRODUCTS_DIR; };
		B3D1800428963A74001207AF /* UIKit.framework */ = {isa = PBXFileReference; lastKnownFileType = wrapper.framework; name = UIKit.framework; path = Platforms/AppleTVOS.platform/Developer/SDKs/AppleTVOS16.0.sdk/System/Library/Frameworks/UIKit.framework; sourceTree = DEVELOPER_DIR; };
		B3D1800628963A79001207AF /* Foundation.framework */ = {isa = PBXFileReference; lastKnownFileType = wrapper.framework; name = Foundation.framework; path = Platforms/AppleTVOS.platform/Developer/SDKs/AppleTVOS16.0.sdk/System/Library/Frameworks/Foundation.framework; sourceTree = DEVELOPER_DIR; };
		C66DFC180F51D82F0080AA28 /* BlissGameCore.mm */ = {isa = PBXFileReference; fileEncoding = 4; lastKnownFileType = sourcecode.cpp.objcpp; path = BlissGameCore.mm; sourceTree = "<group>"; };
		C66DFC190F51D82F0080AA28 /* BlissGameCore.h */ = {isa = PBXFileReference; fileEncoding = 4; lastKnownFileType = sourcecode.c.h; path = BlissGameCore.h; sourceTree = "<group>"; };
		C6D120E71711302600E868A8 /* OpenEmuBase.framework */ = {isa = PBXFileReference; lastKnownFileType = wrapper.framework; path = OpenEmuBase.framework; sourceTree = BUILT_PRODUCTS_DIR; };
		D2F7E65807B2D6F200F64583 /* CoreData.framework */ = {isa = PBXFileReference; lastKnownFileType = wrapper.framework; name = CoreData.framework; path = ../../../../../../../../../System/Library/Frameworks/CoreData.framework; sourceTree = SDKROOT; };
/* End PBXFileReference section */

/* Begin PBXFrameworksBuildPhase section */
		B367037A2896357300F75595 /* Frameworks */ = {
			isa = PBXFrameworksBuildPhase;
			buildActionMask = 2147483647;
			files = (
				B3D17FFA28963A54001207AF /* PVSupport.framework in Frameworks */,
				B3D17FFF28963A63001207AF /* UIKit.framework in Frameworks */,
				B3D17FFD28963A5C001207AF /* Foundation.framework in Frameworks */,
			);
			runOnlyForDeploymentPostprocessing = 0;
		};
		B36703E8289635C500F75595 /* Frameworks */ = {
			isa = PBXFrameworksBuildPhase;
			buildActionMask = 2147483647;
			files = (
				B3D1800128963A6C001207AF /* PVSupport.framework in Frameworks */,
				B3D1800728963A79001207AF /* Foundation.framework in Frameworks */,
				B3D1800528963A74001207AF /* UIKit.framework in Frameworks */,
			);
			runOnlyForDeploymentPostprocessing = 0;
		};
/* End PBXFrameworksBuildPhase section */

/* Begin PBXGroup section */
		089C166AFE841209C02AAC07 /* CrabEmu */ = {
			isa = PBXGroup;
			children = (
				08FB77AFFE84173DC02AAC07 /* Classes */,
				32C88E010371C26100C91783 /* Bliss-Core */,
				089C167CFE841241C02AAC07 /* Resources */,
				089C1671FE841209C02AAC07 /* Frameworks and Libraries */,
				B367037E2896357400F75595 /* PVBliss */,
				19C28FB8FE9D52D311CA2CBB /* Products */,
				B3D17FF828963A54001207AF /* Frameworks */,
			);
			name = CrabEmu;
			sourceTree = "<group>";
			usesTabs = 0;
		};
		089C1671FE841209C02AAC07 /* Frameworks and Libraries */ = {
			isa = PBXGroup;
			children = (
				C6D120E71711302600E868A8 /* OpenEmuBase.framework */,
				1058C7ACFEA557BF11CA2CBB /* Linked Frameworks */,
				1058C7AEFEA557BF11CA2CBB /* Other Frameworks */,
			);
			name = "Frameworks and Libraries";
			sourceTree = "<group>";
		};
		089C167CFE841241C02AAC07 /* Resources */ = {
			isa = PBXGroup;
			children = (
				275CEEB119D5190E00901DD8 /* knowncarts.cfg */,
				8D5B49B7048680CD000E48DA /* Info.plist */,
				089C167DFE841241C02AAC07 /* InfoPlist.strings */,
			);
			name = Resources;
			sourceTree = "<group>";
		};
		08FB77AFFE84173DC02AAC07 /* Classes */ = {
			isa = PBXGroup;
			children = (
				C66DFC190F51D82F0080AA28 /* BlissGameCore.h */,
				C66DFC180F51D82F0080AA28 /* BlissGameCore.mm */,
			);
			name = Classes;
			sourceTree = SOURCE_ROOT;
		};
		1058C7ACFEA557BF11CA2CBB /* Linked Frameworks */ = {
			isa = PBXGroup;
			children = (
				1B46D09C14293CAD0025EF88 /* libz.1.2.5.dylib */,
				1058C7ADFEA557BF11CA2CBB /* Cocoa.framework */,
			);
			name = "Linked Frameworks";
			sourceTree = "<group>";
		};
		1058C7AEFEA557BF11CA2CBB /* Other Frameworks */ = {
			isa = PBXGroup;
			children = (
				089C167FFE841241C02AAC07 /* AppKit.framework */,
				D2F7E65807B2D6F200F64583 /* CoreData.framework */,
				089C1672FE841209C02AAC07 /* Foundation.framework */,
			);
			name = "Other Frameworks";
			sourceTree = "<group>";
		};
		19C28FB8FE9D52D311CA2CBB /* Products */ = {
			isa = PBXGroup;
			children = (
				B367037D2896357300F75595 /* PVBliss.framework */,
				B36703ED289635C500F75595 /* PVBliss-tvOS.framework */,
			);
			name = Products;
			sourceTree = "<group>";
		};
		275CEE4519D5184D00901DD8 /* core */ = {
			isa = PBXGroup;
			children = (
				275CEE6319D518C500901DD8 /* audio */,
				275CEE6219D518C100901DD8 /* cpu */,
				275CEE6119D518BB00901DD8 /* input */,
				275CEE6019D518B400901DD8 /* memory */,
				275CEE5F19D518AE00901DD8 /* rip */,
				275CEE5E19D518A800901DD8 /* video */,
				275CEEF119D5195B00901DD8 /* Emulator.cpp */,
				275CEEF219D5195B00901DD8 /* Emulator.h */,
				275CEEF319D5195B00901DD8 /* Peripheral.cpp */,
				275CEEF419D5195B00901DD8 /* Peripheral.h */,
				275CEEF519D5195B00901DD8 /* types.h */,
			);
			path = core;
			sourceTree = "<group>";
		};
		275CEE4619D5186100901DD8 /* drivers */ = {
			isa = PBXGroup;
			children = (
				275CEE4719D5187400901DD8 /* a5200 */,
				275CEE4819D5187E00901DD8 /* intv */,
			);
			path = drivers;
			sourceTree = "<group>";
		};
		275CEE4719D5187400901DD8 /* a5200 */ = {
			isa = PBXGroup;
			children = (
				275CEE5819D5189B00901DD8 /* Atari5200.cpp */,
				275CEE5919D5189B00901DD8 /* Atari5200.h */,
				275CEE5A19D5189B00901DD8 /* JoyPad.cpp */,
				275CEE5B19D5189B00901DD8 /* JoyPad.h */,
			);
			path = a5200;
			sourceTree = "<group>";
		};
		275CEE4819D5187E00901DD8 /* intv */ = {
			isa = PBXGroup;
			children = (
				275CEE4919D5189200901DD8 /* ECS.cpp */,
				275CEE4A19D5189200901DD8 /* ECS.h */,
				275CEE4B19D5189200901DD8 /* ECSKeyboard.cpp */,
				275CEE4C19D5189200901DD8 /* ECSKeyboard.h */,
				275CEE4D19D5189200901DD8 /* HandController.cpp */,
				275CEE4E19D5189200901DD8 /* HandController.h */,
				275CEE4F19D5189200901DD8 /* Intellivision.cpp */,
				275CEE5019D5189200901DD8 /* Intellivision.h */,
				275CEE5119D5189200901DD8 /* Intellivoice.cpp */,
				275CEE5219D5189200901DD8 /* Intellivoice.h */,
			);
			path = intv;
			sourceTree = "<group>";
		};
		275CEE5E19D518A800901DD8 /* video */ = {
			isa = PBXGroup;
			children = (
				275CEECD19D5194C00901DD8 /* Antic_Registers.cpp */,
				275CEECE19D5194C00901DD8 /* Antic_Registers.h */,
				275CEECF19D5194C00901DD8 /* Antic.cpp */,
				275CEED019D5194C00901DD8 /* Antic.h */,
				275CEED119D5194C00901DD8 /* AY38900_Registers.cpp */,
				275CEED219D5194C00901DD8 /* AY38900_Registers.h */,
				275CEED319D5194C00901DD8 /* AY38900.cpp */,
				275CEED419D5194C00901DD8 /* AY38900.h */,
				275CEED519D5194C00901DD8 /* BackTabRAM.cpp */,
				275CEED619D5194C00901DD8 /* BackTabRAM.h */,
				275CEED719D5194C00901DD8 /* GRAM.cpp */,
				275CEED819D5194C00901DD8 /* GRAM.h */,
				275CEED919D5194C00901DD8 /* GROM.cpp */,
				275CEEDA19D5194C00901DD8 /* GROM.h */,
				275CEEDB19D5194C00901DD8 /* GTIA_Registers.cpp */,
				275CEEDC19D5194C00901DD8 /* GTIA_Registers.h */,
				275CEEDD19D5194C00901DD8 /* GTIA.cpp */,
				275CEEDE19D5194C00901DD8 /* GTIA.h */,
				275CEEDF19D5194C00901DD8 /* MOB.cpp */,
				275CEEE019D5194C00901DD8 /* MOB.h */,
				275CEEE119D5194C00901DD8 /* MOBRect.h */,
				275CEEE219D5194C00901DD8 /* Palette.h */,
				275CEEE319D5194C00901DD8 /* VideoBus.cpp */,
				275CEEE419D5194C00901DD8 /* VideoBus.h */,
				275CEEE519D5194C00901DD8 /* VideoProducer.h */,
			);
			path = video;
			sourceTree = "<group>";
		};
		275CEE5F19D518AE00901DD8 /* rip */ = {
			isa = PBXGroup;
			children = (
				275CEEBE19D5193F00901DD8 /* CRC32.cpp */,
				275CEEBF19D5193F00901DD8 /* CRC32.h */,
				275CEEC019D5193F00901DD8 /* ioapi.c */,
				275CEEC119D5193F00901DD8 /* ioapi.h */,
				275CEEC219D5193F00901DD8 /* Rip.cpp */,
				275CEEC319D5193F00901DD8 /* Rip.h */,
				275CEEC419D5193F00901DD8 /* ripxbf.c */,
				275CEEC519D5193F00901DD8 /* ripxbf.h */,
				275CEEC619D5193F00901DD8 /* unzip.c */,
				275CEEC719D5193F00901DD8 /* unzip.h */,
			);
			path = rip;
			sourceTree = "<group>";
		};
		275CEE6019D518B400901DD8 /* memory */ = {
			isa = PBXGroup;
			children = (
				275CEEA019D518FF00901DD8 /* Memory.h */,
				275CEEA119D518FF00901DD8 /* MemoryBus.cpp */,
				275CEEA219D518FF00901DD8 /* MemoryBus.h */,
				275CEEA319D518FF00901DD8 /* RAM.cpp */,
				275CEEA419D518FF00901DD8 /* RAM.h */,
				275CEEA519D518FF00901DD8 /* ROM.cpp */,
				275CEEA619D518FF00901DD8 /* ROM.h */,
				275CEEA719D518FF00901DD8 /* ROMBanker.cpp */,
				275CEEA819D518FF00901DD8 /* ROMBanker.h */,
			);
			name = memory;
			sourceTree = "<group>";
		};
		275CEE6119D518BB00901DD8 /* input */ = {
			isa = PBXGroup;
			children = (
				275CEE8F19D518F600901DD8 /* InputConsumer.h */,
				275CEE9019D518F600901DD8 /* InputConsumerBus.cpp */,
				275CEE9119D518F600901DD8 /* InputConsumerBus.h */,
				275CEE9219D518F600901DD8 /* InputConsumerObject.cpp */,
				275CEE9319D518F600901DD8 /* InputConsumerObject.h */,
				275CEE9419D518F600901DD8 /* InputProducer.h */,
				275CEE9519D518F600901DD8 /* InputProducerManager.cpp */,
				275CEE9619D518F600901DD8 /* InputProducerManager.h */,
				275CEE9719D518F600901DD8 /* JoystickInputProducer.cpp */,
				275CEE9819D518F600901DD8 /* JoystickInputProducer.h */,
				275CEE9919D518F600901DD8 /* KeyboardInputProducer.cpp */,
				275CEE9A19D518F600901DD8 /* KeyboardInputProducer.h */,
			);
			path = input;
			sourceTree = "<group>";
		};
		275CEE6219D518C100901DD8 /* cpu */ = {
			isa = PBXGroup;
			children = (
				275CEE8219D518E500901DD8 /* 6502c.cpp */,
				275CEE8319D518E500901DD8 /* 6502c.h */,
				275CEE8419D518E500901DD8 /* CP1610.cpp */,
				275CEE8519D518E500901DD8 /* CP1610.h */,
				275CEE8619D518E500901DD8 /* Processor.cpp */,
				275CEE8719D518E500901DD8 /* Processor.h */,
				275CEE8819D518E500901DD8 /* ProcessorBus.cpp */,
				275CEE8919D518E500901DD8 /* ProcessorBus.h */,
				275CEE8A19D518E500901DD8 /* SignalLine.h */,
			);
			path = cpu;
			sourceTree = "<group>";
		};
		275CEE6319D518C500901DD8 /* audio */ = {
			isa = PBXGroup;
			children = (
				275CEE6419D518D200901DD8 /* AudioMixer.cpp */,
				275CEE6519D518D200901DD8 /* AudioMixer.h */,
				275CEE6619D518D200901DD8 /* AudioOutputLine.cpp */,
				275CEE6719D518D200901DD8 /* AudioOutputLine.h */,
				275CEE6819D518D200901DD8 /* AudioProducer.h */,
				275CEE6919D518D200901DD8 /* AY38914_Channel.cpp */,
				275CEE6A19D518D200901DD8 /* AY38914_Channel.h */,
				275CEE6B19D518D200901DD8 /* AY38914_InputOutput.h */,
				275CEE6C19D518D200901DD8 /* AY38914_Registers.cpp */,
				275CEE6D19D518D200901DD8 /* AY38914_Registers.h */,
				275CEE6E19D518D200901DD8 /* AY38914.cpp */,
				275CEE6F19D518D200901DD8 /* AY38914.h */,
				275CEE7019D518D200901DD8 /* Pokey_Input.h */,
				275CEE7119D518D200901DD8 /* Pokey_Registers.cpp */,
				275CEE7219D518D200901DD8 /* Pokey_Registers.h */,
				275CEE7319D518D200901DD8 /* Pokey.cpp */,
				275CEE7419D518D200901DD8 /* Pokey.h */,
				275CEE7519D518D200901DD8 /* SP0256_Registers.cpp */,
				275CEE7619D518D200901DD8 /* SP0256_Registers.h */,
				275CEE7719D518D200901DD8 /* SP0256.cpp */,
				275CEE7819D518D200901DD8 /* SP0256.h */,
			);
			path = audio;
			sourceTree = "<group>";
		};
		32C88E010371C26100C91783 /* Bliss-Core */ = {
			isa = PBXGroup;
			children = (
				275CEE4519D5184D00901DD8 /* core */,
				275CEE4619D5186100901DD8 /* drivers */,
			);
			name = "Bliss-Core";
			path = Bliss;
			sourceTree = "<group>";
		};
		B367037E2896357400F75595 /* PVBliss */ = {
			isa = PBXGroup;
			children = (
				B367037F2896357400F75595 /* PVBliss.h */,
			);
			path = PVBliss;
			sourceTree = "<group>";
		};
		B3D17FF828963A54001207AF /* Frameworks */ = {
			isa = PBXGroup;
			children = (
				B3D1800628963A79001207AF /* Foundation.framework */,
				B3D1800428963A74001207AF /* UIKit.framework */,
				B3D1800028963A6C001207AF /* PVSupport.framework */,
				B3D17FFE28963A63001207AF /* UIKit.framework */,
				B3D17FF928963A54001207AF /* PVSupport.framework */,
			);
			name = Frameworks;
			sourceTree = "<group>";
		};
/* End PBXGroup section */

/* Begin PBXHeadersBuildPhase section */
		B36703782896357300F75595 /* Headers */ = {
			isa = PBXHeadersBuildPhase;
			buildActionMask = 2147483647;
			files = (
				B36703802896357400F75595 /* PVBliss.h in Headers */,
				B3D1800B28963BD9001207AF /* BlissGameCore.h in Headers */,
			);
			runOnlyForDeploymentPostprocessing = 0;
		};
		B36703B5289635C500F75595 /* Headers */ = {
			isa = PBXHeadersBuildPhase;
			buildActionMask = 2147483647;
			files = (
				B36703B6289635C500F75595 /* PVBliss.h in Headers */,
				B3D1800C28963BD9001207AF /* BlissGameCore.h in Headers */,
			);
			runOnlyForDeploymentPostprocessing = 0;
		};
/* End PBXHeadersBuildPhase section */

/* Begin PBXNativeTarget section */
		B367037C2896357300F75595 /* PVBliss */ = {
			isa = PBXNativeTarget;
			buildConfigurationList = B36703832896357400F75595 /* Build configuration list for PBXNativeTarget "PVBliss" */;
			buildPhases = (
				B36703782896357300F75595 /* Headers */,
				B36703792896357300F75595 /* Sources */,
				B367037A2896357300F75595 /* Frameworks */,
				B367037B2896357300F75595 /* Resources */,
			);
			buildRules = (
			);
			dependencies = (
			);
			name = PVBliss;
			productName = PVBliss;
			productReference = B367037D2896357300F75595 /* PVBliss.framework */;
			productType = "com.apple.product-type.framework";
		};
		B36703B4289635C500F75595 /* PVBliss-tvOS */ = {
			isa = PBXNativeTarget;
			buildConfigurationList = B36703EA289635C500F75595 /* Build configuration list for PBXNativeTarget "PVBliss-tvOS" */;
			buildPhases = (
				B36703B5289635C500F75595 /* Headers */,
				B36703B7289635C500F75595 /* Sources */,
				B36703E8289635C500F75595 /* Frameworks */,
				B36703E9289635C500F75595 /* Resources */,
			);
			buildRules = (
			);
			dependencies = (
			);
			name = "PVBliss-tvOS";
			productName = PVBliss;
			productReference = B36703ED289635C500F75595 /* PVBliss-tvOS.framework */;
			productType = "com.apple.product-type.framework";
		};
/* End PBXNativeTarget section */

/* Begin PBXProject section */
		089C1669FE841209C02AAC07 /* Project object */ = {
			isa = PBXProject;
			attributes = {
				LastUpgradeCheck = 0700;
				TargetAttributes = {
					B367037C2896357300F75595 = {
						CreatedOnToolsVersion = 13.4.1;
						DevelopmentTeam = S32Z3HMYVQ;
						ProvisioningStyle = Automatic;
					};
					B36703B4289635C500F75595 = {
						DevelopmentTeam = S32Z3HMYVQ;
						ProvisioningStyle = Automatic;
					};
				};
			};
			buildConfigurationList = 1DEB913E08733D840010E9CD /* Build configuration list for PBXProject "PVBliss" */;
			compatibilityVersion = "Xcode 3.2";
			developmentRegion = en;
			hasScannedForEncodings = 1;
			knownRegions = (
				en,
			);
			mainGroup = 089C166AFE841209C02AAC07 /* CrabEmu */;
			projectDirPath = "";
			projectRoot = "";
			targets = (
				B367037C2896357300F75595 /* PVBliss */,
				B36703B4289635C500F75595 /* PVBliss-tvOS */,
			);
		};
/* End PBXProject section */

/* Begin PBXResourcesBuildPhase section */
		B367037B2896357300F75595 /* Resources */ = {
			isa = PBXResourcesBuildPhase;
			buildActionMask = 2147483647;
			files = (
			);
			runOnlyForDeploymentPostprocessing = 0;
		};
		B36703E9289635C500F75595 /* Resources */ = {
			isa = PBXResourcesBuildPhase;
			buildActionMask = 2147483647;
			files = (
			);
			runOnlyForDeploymentPostprocessing = 0;
		};
/* End PBXResourcesBuildPhase section */

/* Begin PBXSourcesBuildPhase section */
		B36703792896357300F75595 /* Sources */ = {
			isa = PBXSourcesBuildPhase;
			buildActionMask = 2147483647;
			files = (
				B36703A82896358500F75595 /* MemoryBus.cpp in Sources */,
				B36703872896358400F75595 /* SP0256_Registers.cpp in Sources */,
				B367038A2896358400F75595 /* MOB.cpp in Sources */,
				B367038B2896358400F75595 /* JoyPad.cpp in Sources */,
				B36703A52896358400F75595 /* AY38914.cpp in Sources */,
				B36703B22896358500F75595 /* Processor.cpp in Sources */,
				B36703922896358400F75595 /* BackTabRAM.cpp in Sources */,
				B36703852896358400F75595 /* VideoBus.cpp in Sources */,
				B36703882896358400F75595 /* ProcessorBus.cpp in Sources */,
				B36703992896358400F75595 /* ripxbf.c in Sources */,
				B36703862896358400F75595 /* BlissGameCore.mm in Sources */,
				B36703AD2896358500F75595 /* JoystickInputProducer.cpp in Sources */,
				B36703972896358400F75595 /* ROMBanker.cpp in Sources */,
				B36703942896358400F75595 /* Antic_Registers.cpp in Sources */,
				B36703A92896358500F75595 /* unzip.c in Sources */,
				B36703A32896358400F75595 /* ioapi.c in Sources */,
				B367038F2896358400F75595 /* ROM.cpp in Sources */,
				B367039E2896358400F75595 /* Pokey_Registers.cpp in Sources */,
				B36703892896358400F75595 /* AY38914_Registers.cpp in Sources */,
				B36703962896358400F75595 /* AudioOutputLine.cpp in Sources */,
				B367039C2896358400F75595 /* Atari5200.cpp in Sources */,
				B36703A22896358400F75595 /* Intellivoice.cpp in Sources */,
				B367038D2896358400F75595 /* ECS.cpp in Sources */,
				B36703952896358400F75595 /* Intellivision.cpp in Sources */,
				B36703A02896358400F75595 /* RAM.cpp in Sources */,
				B367039B2896358400F75595 /* KeyboardInputProducer.cpp in Sources */,
				B36703902896358400F75595 /* InputProducerManager.cpp in Sources */,
				B36703AF2896358500F75595 /* Emulator.cpp in Sources */,
				B36703932896358400F75595 /* Peripheral.cpp in Sources */,
				B36703AC2896358500F75595 /* ECSKeyboard.cpp in Sources */,
				B36703AB2896358500F75595 /* AY38900.cpp in Sources */,
				B367038C2896358400F75595 /* 6502c.cpp in Sources */,
				B36703AE2896358500F75595 /* GTIA.cpp in Sources */,
				B367038E2896358400F75595 /* Rip.cpp in Sources */,
				B367039F2896358400F75595 /* CP1610.cpp in Sources */,
				B367039A2896358400F75595 /* InputConsumerObject.cpp in Sources */,
				B36703B12896358500F75595 /* Antic.cpp in Sources */,
				B36703A42896358400F75595 /* Pokey.cpp in Sources */,
				B36703B32896358500F75595 /* AudioMixer.cpp in Sources */,
				B36703AA2896358500F75595 /* InputConsumerBus.cpp in Sources */,
				B36703A62896358400F75595 /* GRAM.cpp in Sources */,
				B36703912896358400F75595 /* HandController.cpp in Sources */,
				B36703A72896358500F75595 /* SP0256.cpp in Sources */,
				B36703982896358400F75595 /* AY38900_Registers.cpp in Sources */,
				B36703B02896358500F75595 /* CRC32.cpp in Sources */,
				B36703842896358400F75595 /* GROM.cpp in Sources */,
				B367039D2896358400F75595 /* AY38914_Channel.cpp in Sources */,
				B36703A12896358400F75595 /* GTIA_Registers.cpp in Sources */,
			);
			runOnlyForDeploymentPostprocessing = 0;
		};
		B36703B7289635C500F75595 /* Sources */ = {
			isa = PBXSourcesBuildPhase;
			buildActionMask = 2147483647;
			files = (
				B36703B8289635C500F75595 /* MemoryBus.cpp in Sources */,
				B36703B9289635C500F75595 /* SP0256_Registers.cpp in Sources */,
				B36703BA289635C500F75595 /* MOB.cpp in Sources */,
				B36703BB289635C500F75595 /* JoyPad.cpp in Sources */,
				B36703BC289635C500F75595 /* AY38914.cpp in Sources */,
				B36703BD289635C500F75595 /* Processor.cpp in Sources */,
				B36703BE289635C500F75595 /* BackTabRAM.cpp in Sources */,
				B36703BF289635C500F75595 /* VideoBus.cpp in Sources */,
				B36703C0289635C500F75595 /* ProcessorBus.cpp in Sources */,
				B36703C1289635C500F75595 /* ripxbf.c in Sources */,
				B36703C2289635C500F75595 /* BlissGameCore.mm in Sources */,
				B36703C3289635C500F75595 /* JoystickInputProducer.cpp in Sources */,
				B36703C4289635C500F75595 /* ROMBanker.cpp in Sources */,
				B36703C5289635C500F75595 /* Antic_Registers.cpp in Sources */,
				B36703C6289635C500F75595 /* unzip.c in Sources */,
				B36703C7289635C500F75595 /* ioapi.c in Sources */,
				B36703C8289635C500F75595 /* ROM.cpp in Sources */,
				B36703C9289635C500F75595 /* Pokey_Registers.cpp in Sources */,
				B36703CA289635C500F75595 /* AY38914_Registers.cpp in Sources */,
				B36703CB289635C500F75595 /* AudioOutputLine.cpp in Sources */,
				B36703CC289635C500F75595 /* Atari5200.cpp in Sources */,
				B36703CD289635C500F75595 /* Intellivoice.cpp in Sources */,
				B36703CE289635C500F75595 /* ECS.cpp in Sources */,
				B36703CF289635C500F75595 /* Intellivision.cpp in Sources */,
				B36703D0289635C500F75595 /* RAM.cpp in Sources */,
				B36703D1289635C500F75595 /* KeyboardInputProducer.cpp in Sources */,
				B36703D2289635C500F75595 /* InputProducerManager.cpp in Sources */,
				B36703D3289635C500F75595 /* Emulator.cpp in Sources */,
				B36703D4289635C500F75595 /* Peripheral.cpp in Sources */,
				B36703D5289635C500F75595 /* ECSKeyboard.cpp in Sources */,
				B36703D6289635C500F75595 /* AY38900.cpp in Sources */,
				B36703D7289635C500F75595 /* 6502c.cpp in Sources */,
				B36703D8289635C500F75595 /* GTIA.cpp in Sources */,
				B36703D9289635C500F75595 /* Rip.cpp in Sources */,
				B36703DA289635C500F75595 /* CP1610.cpp in Sources */,
				B36703DB289635C500F75595 /* InputConsumerObject.cpp in Sources */,
				B36703DC289635C500F75595 /* Antic.cpp in Sources */,
				B36703DD289635C500F75595 /* Pokey.cpp in Sources */,
				B36703DE289635C500F75595 /* AudioMixer.cpp in Sources */,
				B36703DF289635C500F75595 /* InputConsumerBus.cpp in Sources */,
				B36703E0289635C500F75595 /* GRAM.cpp in Sources */,
				B36703E1289635C500F75595 /* HandController.cpp in Sources */,
				B36703E2289635C500F75595 /* SP0256.cpp in Sources */,
				B36703E3289635C500F75595 /* AY38900_Registers.cpp in Sources */,
				B36703E4289635C500F75595 /* CRC32.cpp in Sources */,
				B36703E5289635C500F75595 /* GROM.cpp in Sources */,
				B36703E6289635C500F75595 /* AY38914_Channel.cpp in Sources */,
				B36703E7289635C500F75595 /* GTIA_Registers.cpp in Sources */,
			);
			runOnlyForDeploymentPostprocessing = 0;
		};
/* End PBXSourcesBuildPhase section */

/* Begin PBXVariantGroup section */
		089C167DFE841241C02AAC07 /* InfoPlist.strings */ = {
			isa = PBXVariantGroup;
			children = (
				089C167EFE841241C02AAC07 /* en */,
			);
			name = InfoPlist.strings;
			sourceTree = "<group>";
		};
/* End PBXVariantGroup section */

/* Begin XCBuildConfiguration section */
		1DEB913F08733D840010E9CD /* Debug */ = {
			isa = XCBuildConfiguration;
			buildSettings = {
				ALWAYS_SEARCH_USER_PATHS = NO;
				CLANG_CXX_LANGUAGE_STANDARD = "compiler-default";
				CLANG_ENABLE_MODULES = YES;
				CLANG_ENABLE_OBJC_ARC = YES;
				CLANG_WARN_BOOL_CONVERSION = YES;
				CLANG_WARN_CONSTANT_CONVERSION = YES;
				CLANG_WARN_EMPTY_BODY = YES;
				CLANG_WARN_ENUM_CONVERSION = YES;
				CLANG_WARN_INT_CONVERSION = YES;
				CLANG_WARN_UNREACHABLE_CODE = YES;
				CLANG_WARN__DUPLICATE_METHOD_MATCH = YES;
				COPY_PHASE_STRIP = NO;
				DEAD_CODE_STRIPPING = YES;
				DEBUG_INFORMATION_FORMAT = "dwarf-with-dsym";
				ENABLE_STRICT_OBJC_MSGSEND = YES;
				ENABLE_TESTABILITY = NO;
				GCC_C_LANGUAGE_STANDARD = "compiler-default";
				GCC_INCREASE_PRECOMPILED_HEADER_SHARING = YES;
				GCC_OPTIMIZATION_LEVEL = 0;
				GCC_SYMBOLS_PRIVATE_EXTERN = YES;
				GCC_VERSION = com.apple.compilers.llvm.clang.1_0;
				GCC_WARN_64_TO_32_BIT_CONVERSION = YES;
				GCC_WARN_ABOUT_RETURN_TYPE = YES;
				GCC_WARN_UNDECLARED_SELECTOR = YES;
				GCC_WARN_UNINITIALIZED_AUTOS = YES;
				GCC_WARN_UNUSED_FUNCTION = YES;
				GCC_WARN_UNUSED_VARIABLE = YES;
				HEADER_SEARCH_PATHS = "\"$(SRCROOT)/Bliss\"";
				INSTALL_PATH = "$(HOME)/Library/Bundles";
				IPHONEOS_DEPLOYMENT_TARGET = 13.0;
				MACOSX_DEPLOYMENT_TARGET = 10.11;
				ONLY_ACTIVE_ARCH = YES;
				OTHER_CFLAGS = "";
				SDKROOT = macosx;
				TVOS_DEPLOYMENT_TARGET = 13.0;
			};
			name = Debug;
		};
		1DEB914008733D840010E9CD /* Release */ = {
			isa = XCBuildConfiguration;
			buildSettings = {
				ALWAYS_SEARCH_USER_PATHS = NO;
				CLANG_CXX_LANGUAGE_STANDARD = "compiler-default";
				CLANG_ENABLE_MODULES = YES;
				CLANG_ENABLE_OBJC_ARC = YES;
				CLANG_WARN_BOOL_CONVERSION = YES;
				CLANG_WARN_CONSTANT_CONVERSION = YES;
				CLANG_WARN_EMPTY_BODY = YES;
				CLANG_WARN_ENUM_CONVERSION = YES;
				CLANG_WARN_INT_CONVERSION = YES;
				CLANG_WARN_UNREACHABLE_CODE = YES;
				CLANG_WARN__DUPLICATE_METHOD_MATCH = YES;
				DEAD_CODE_STRIPPING = YES;
				DEBUG_INFORMATION_FORMAT = "dwarf-with-dsym";
				ENABLE_STRICT_OBJC_MSGSEND = YES;
				ENABLE_TESTABILITY = NO;
				GCC_C_LANGUAGE_STANDARD = "compiler-default";
				GCC_INCREASE_PRECOMPILED_HEADER_SHARING = YES;
				GCC_OPTIMIZATION_LEVEL = 3;
				GCC_SYMBOLS_PRIVATE_EXTERN = YES;
				GCC_VERSION = com.apple.compilers.llvm.clang.1_0;
				GCC_WARN_64_TO_32_BIT_CONVERSION = YES;
				GCC_WARN_ABOUT_RETURN_TYPE = YES;
				GCC_WARN_UNDECLARED_SELECTOR = YES;
				GCC_WARN_UNINITIALIZED_AUTOS = YES;
				GCC_WARN_UNUSED_FUNCTION = YES;
				GCC_WARN_UNUSED_VARIABLE = YES;
				HEADER_SEARCH_PATHS = "\"$(SRCROOT)/Bliss\"";
				INSTALL_PATH = "$(HOME)/Library/Bundles";
				IPHONEOS_DEPLOYMENT_TARGET = 13.0;
				MACOSX_DEPLOYMENT_TARGET = 10.11;
				OTHER_CFLAGS = "";
				SDKROOT = macosx;
				TVOS_DEPLOYMENT_TARGET = 13.0;
			};
			name = Release;
		};
		B36703812896357400F75595 /* Debug */ = {
			isa = XCBuildConfiguration;
			buildSettings = {
				CLANG_ANALYZER_NONNULL = YES;
				CLANG_ANALYZER_NUMBER_OBJECT_CONVERSION = YES_AGGRESSIVE;
				CLANG_ENABLE_OBJC_WEAK = YES;
				CLANG_WARN_BLOCK_CAPTURE_AUTORELEASING = YES;
				CLANG_WARN_COMMA = YES;
				CLANG_WARN_DEPRECATED_OBJC_IMPLEMENTATIONS = YES;
				CLANG_WARN_DIRECT_OBJC_ISA_USAGE = YES_ERROR;
				CLANG_WARN_DOCUMENTATION_COMMENTS = YES;
				CLANG_WARN_INFINITE_RECURSION = YES;
				CLANG_WARN_NON_LITERAL_NULL_CONVERSION = YES;
				CLANG_WARN_OBJC_IMPLICIT_RETAIN_SELF = YES;
				CLANG_WARN_OBJC_LITERAL_CONVERSION = YES;
				CLANG_WARN_OBJC_ROOT_CLASS = YES_ERROR;
				CLANG_WARN_QUOTED_INCLUDE_IN_FRAMEWORK_HEADER = YES;
				CLANG_WARN_RANGE_LOOP_ANALYSIS = YES;
				CLANG_WARN_STRICT_PROTOTYPES = YES;
				CLANG_WARN_SUSPICIOUS_MOVE = YES;
				CLANG_WARN_UNGUARDED_AVAILABILITY = YES_AGGRESSIVE;
				CODE_SIGN_STYLE = Automatic;
				CURRENT_PROJECT_VERSION = 1;
				DEBUG_INFORMATION_FORMAT = dwarf;
				DEFINES_MODULE = YES;
				DEVELOPMENT_TEAM = S32Z3HMYVQ;
				DYLIB_COMPATIBILITY_VERSION = 1;
				DYLIB_CURRENT_VERSION = 1;
				DYLIB_INSTALL_NAME_BASE = "@rpath";
				ENABLE_BITCODE = NO;
				ENABLE_TESTABILITY = YES;
				FRAMEWORK_SEARCH_PATHS = (
					"$(inherited)",
					"$(SDKROOT)/System/iOSSupport/System/Library/Frameworks",
				);
				GCC_DYNAMIC_NO_PIC = NO;
				GCC_NO_COMMON_BLOCKS = YES;
				GCC_PREPROCESSOR_DEFINITIONS = (
					"DEBUG=1",
					"$(inherited)",
				);
				GCC_WARN_ABOUT_RETURN_TYPE = YES_ERROR;
				GCC_WARN_UNINITIALIZED_AUTOS = YES_AGGRESSIVE;
				GENERATE_INFOPLIST_FILE = YES;
				INFOPLIST_KEY_NSHumanReadableCopyright = "";
				INSTALL_PATH = "$(LOCAL_LIBRARY_DIR)/Frameworks";
				IPHONEOS_DEPLOYMENT_TARGET = 13.0;
				LD_RUNPATH_SEARCH_PATHS = "$(inherited) @executable_path/Frameworks @loader_path/Frameworks";
				MARKETING_VERSION = 1.0;
				MTL_ENABLE_DEBUG_INFO = INCLUDE_SOURCE;
				MTL_FAST_MATH = YES;
				PRODUCT_BUNDLE_IDENTIFIER = "com.provenance-emu.PVBliss";
				PRODUCT_NAME = "$(TARGET_NAME:c99extidentifier)";
				SDKROOT = iphoneos;
				SKIP_INSTALL = YES;
				SWIFT_EMIT_LOC_STRINGS = YES;
				TARGETED_DEVICE_FAMILY = "1,2";
				VERSIONING_SYSTEM = "apple-generic";
				VERSION_INFO_PREFIX = "";
			};
			name = Debug;
		};
		B36703822896357400F75595 /* Release */ = {
			isa = XCBuildConfiguration;
			buildSettings = {
				CLANG_ANALYZER_NONNULL = YES;
				CLANG_ANALYZER_NUMBER_OBJECT_CONVERSION = YES_AGGRESSIVE;
				CLANG_ENABLE_OBJC_WEAK = YES;
				CLANG_WARN_BLOCK_CAPTURE_AUTORELEASING = YES;
				CLANG_WARN_COMMA = YES;
				CLANG_WARN_DEPRECATED_OBJC_IMPLEMENTATIONS = YES;
				CLANG_WARN_DIRECT_OBJC_ISA_USAGE = YES_ERROR;
				CLANG_WARN_DOCUMENTATION_COMMENTS = YES;
				CLANG_WARN_INFINITE_RECURSION = YES;
				CLANG_WARN_NON_LITERAL_NULL_CONVERSION = YES;
				CLANG_WARN_OBJC_IMPLICIT_RETAIN_SELF = YES;
				CLANG_WARN_OBJC_LITERAL_CONVERSION = YES;
				CLANG_WARN_OBJC_ROOT_CLASS = YES_ERROR;
				CLANG_WARN_QUOTED_INCLUDE_IN_FRAMEWORK_HEADER = YES;
				CLANG_WARN_RANGE_LOOP_ANALYSIS = YES;
				CLANG_WARN_STRICT_PROTOTYPES = YES;
				CLANG_WARN_SUSPICIOUS_MOVE = YES;
				CLANG_WARN_UNGUARDED_AVAILABILITY = YES_AGGRESSIVE;
				CODE_SIGN_STYLE = Automatic;
				COPY_PHASE_STRIP = NO;
				CURRENT_PROJECT_VERSION = 1;
				DEFINES_MODULE = YES;
				DEVELOPMENT_TEAM = S32Z3HMYVQ;
				DYLIB_COMPATIBILITY_VERSION = 1;
				DYLIB_CURRENT_VERSION = 1;
				DYLIB_INSTALL_NAME_BASE = "@rpath";
				ENABLE_BITCODE = NO;
				ENABLE_NS_ASSERTIONS = NO;
				FRAMEWORK_SEARCH_PATHS = (
					"$(inherited)",
					"$(SDKROOT)/System/iOSSupport/System/Library/Frameworks",
				);
				GCC_NO_COMMON_BLOCKS = YES;
				GCC_WARN_ABOUT_RETURN_TYPE = YES_ERROR;
				GCC_WARN_UNINITIALIZED_AUTOS = YES_AGGRESSIVE;
				GENERATE_INFOPLIST_FILE = YES;
				INFOPLIST_KEY_NSHumanReadableCopyright = "";
				INSTALL_PATH = "$(LOCAL_LIBRARY_DIR)/Frameworks";
				IPHONEOS_DEPLOYMENT_TARGET = 13.0;
				LD_RUNPATH_SEARCH_PATHS = "$(inherited) @executable_path/Frameworks @loader_path/Frameworks";
				MARKETING_VERSION = 1.0;
				MTL_ENABLE_DEBUG_INFO = NO;
				MTL_FAST_MATH = YES;
				PRODUCT_BUNDLE_IDENTIFIER = "com.provenance-emu.PVBliss";
				PRODUCT_NAME = "$(TARGET_NAME:c99extidentifier)";
				SDKROOT = iphoneos;
				SKIP_INSTALL = YES;
				SWIFT_EMIT_LOC_STRINGS = YES;
				TARGETED_DEVICE_FAMILY = "1,2";
				VALIDATE_PRODUCT = YES;
				VERSIONING_SYSTEM = "apple-generic";
				VERSION_INFO_PREFIX = "";
			};
			name = Release;
		};
		B36703EB289635C500F75595 /* Debug */ = {
			isa = XCBuildConfiguration;
			buildSettings = {
				CLANG_ANALYZER_NONNULL = YES;
				CLANG_ANALYZER_NUMBER_OBJECT_CONVERSION = YES_AGGRESSIVE;
				CLANG_ENABLE_OBJC_WEAK = YES;
				CLANG_WARN_BLOCK_CAPTURE_AUTORELEASING = YES;
				CLANG_WARN_COMMA = YES;
				CLANG_WARN_DEPRECATED_OBJC_IMPLEMENTATIONS = YES;
				CLANG_WARN_DIRECT_OBJC_ISA_USAGE = YES_ERROR;
				CLANG_WARN_DOCUMENTATION_COMMENTS = YES;
				CLANG_WARN_INFINITE_RECURSION = YES;
				CLANG_WARN_NON_LITERAL_NULL_CONVERSION = YES;
				CLANG_WARN_OBJC_IMPLICIT_RETAIN_SELF = YES;
				CLANG_WARN_OBJC_LITERAL_CONVERSION = YES;
				CLANG_WARN_OBJC_ROOT_CLASS = YES_ERROR;
				CLANG_WARN_QUOTED_INCLUDE_IN_FRAMEWORK_HEADER = YES;
				CLANG_WARN_RANGE_LOOP_ANALYSIS = YES;
				CLANG_WARN_STRICT_PROTOTYPES = YES;
				CLANG_WARN_SUSPICIOUS_MOVE = YES;
				CLANG_WARN_UNGUARDED_AVAILABILITY = YES_AGGRESSIVE;
				CODE_SIGN_STYLE = Automatic;
				CURRENT_PROJECT_VERSION = 1;
				DEBUG_INFORMATION_FORMAT = dwarf;
				DEFINES_MODULE = YES;
				DEVELOPMENT_TEAM = S32Z3HMYVQ;
				DYLIB_COMPATIBILITY_VERSION = 1;
				DYLIB_CURRENT_VERSION = 1;
				DYLIB_INSTALL_NAME_BASE = "@rpath";
				ENABLE_BITCODE = NO;
				ENABLE_TESTABILITY = YES;
				GCC_DYNAMIC_NO_PIC = NO;
				GCC_NO_COMMON_BLOCKS = YES;
				GCC_PREPROCESSOR_DEFINITIONS = (
					"DEBUG=1",
					"$(inherited)",
				);
				GCC_WARN_ABOUT_RETURN_TYPE = YES_ERROR;
				GCC_WARN_UNINITIALIZED_AUTOS = YES_AGGRESSIVE;
				GENERATE_INFOPLIST_FILE = YES;
				INFOPLIST_KEY_NSHumanReadableCopyright = "";
				INSTALL_PATH = "$(LOCAL_LIBRARY_DIR)/Frameworks";
				IPHONEOS_DEPLOYMENT_TARGET = 15.5;
				LD_RUNPATH_SEARCH_PATHS = "$(inherited) @executable_path/Frameworks @loader_path/Frameworks";
				MARKETING_VERSION = 1.0;
				MTL_ENABLE_DEBUG_INFO = INCLUDE_SOURCE;
				MTL_FAST_MATH = YES;
				PRODUCT_BUNDLE_IDENTIFIER = "com.provenance-emu.PVBliss";
				PRODUCT_NAME = "$(TARGET_NAME)";
				SDKROOT = appletvos;
				SKIP_INSTALL = YES;
				SWIFT_EMIT_LOC_STRINGS = YES;
				TARGETED_DEVICE_FAMILY = 3;
				VERSIONING_SYSTEM = "apple-generic";
				VERSION_INFO_PREFIX = "";
			};
			name = Debug;
		};
		B36703EC289635C500F75595 /* Release */ = {
			isa = XCBuildConfiguration;
			buildSettings = {
				CLANG_ANALYZER_NONNULL = YES;
				CLANG_ANALYZER_NUMBER_OBJECT_CONVERSION = YES_AGGRESSIVE;
				CLANG_ENABLE_OBJC_WEAK = YES;
				CLANG_WARN_BLOCK_CAPTURE_AUTORELEASING = YES;
				CLANG_WARN_COMMA = YES;
				CLANG_WARN_DEPRECATED_OBJC_IMPLEMENTATIONS = YES;
				CLANG_WARN_DIRECT_OBJC_ISA_USAGE = YES_ERROR;
				CLANG_WARN_DOCUMENTATION_COMMENTS = YES;
				CLANG_WARN_INFINITE_RECURSION = YES;
				CLANG_WARN_NON_LITERAL_NULL_CONVERSION = YES;
				CLANG_WARN_OBJC_IMPLICIT_RETAIN_SELF = YES;
				CLANG_WARN_OBJC_LITERAL_CONVERSION = YES;
				CLANG_WARN_OBJC_ROOT_CLASS = YES_ERROR;
				CLANG_WARN_QUOTED_INCLUDE_IN_FRAMEWORK_HEADER = YES;
				CLANG_WARN_RANGE_LOOP_ANALYSIS = YES;
				CLANG_WARN_STRICT_PROTOTYPES = YES;
				CLANG_WARN_SUSPICIOUS_MOVE = YES;
				CLANG_WARN_UNGUARDED_AVAILABILITY = YES_AGGRESSIVE;
				CODE_SIGN_STYLE = Automatic;
				COPY_PHASE_STRIP = NO;
				CURRENT_PROJECT_VERSION = 1;
				DEFINES_MODULE = YES;
				DEVELOPMENT_TEAM = S32Z3HMYVQ;
				DYLIB_COMPATIBILITY_VERSION = 1;
				DYLIB_CURRENT_VERSION = 1;
				DYLIB_INSTALL_NAME_BASE = "@rpath";
				ENABLE_BITCODE = NO;
				ENABLE_NS_ASSERTIONS = NO;
				GCC_NO_COMMON_BLOCKS = YES;
				GCC_WARN_ABOUT_RETURN_TYPE = YES_ERROR;
				GCC_WARN_UNINITIALIZED_AUTOS = YES_AGGRESSIVE;
				GENERATE_INFOPLIST_FILE = YES;
				INFOPLIST_KEY_NSHumanReadableCopyright = "";
				INSTALL_PATH = "$(LOCAL_LIBRARY_DIR)/Frameworks";
				IPHONEOS_DEPLOYMENT_TARGET = 15.5;
				LD_RUNPATH_SEARCH_PATHS = "$(inherited) @executable_path/Frameworks @loader_path/Frameworks";
				MARKETING_VERSION = 1.0;
				MTL_ENABLE_DEBUG_INFO = NO;
				MTL_FAST_MATH = YES;
				PRODUCT_BUNDLE_IDENTIFIER = "com.provenance-emu.PVBliss";
				PRODUCT_NAME = "$(TARGET_NAME)";
				SDKROOT = appletvos;
				SKIP_INSTALL = YES;
				SWIFT_EMIT_LOC_STRINGS = YES;
				TARGETED_DEVICE_FAMILY = 3;
				VALIDATE_PRODUCT = YES;
				VERSIONING_SYSTEM = "apple-generic";
				VERSION_INFO_PREFIX = "";
			};
			name = Release;
		};
/* End XCBuildConfiguration section */

/* Begin XCConfigurationList section */
		1DEB913E08733D840010E9CD /* Build configuration list for PBXProject "PVBliss" */ = {
			isa = XCConfigurationList;
			buildConfigurations = (
				1DEB913F08733D840010E9CD /* Debug */,
				1DEB914008733D840010E9CD /* Release */,
			);
			defaultConfigurationIsVisible = 0;
			defaultConfigurationName = Release;
		};
		B36703832896357400F75595 /* Build configuration list for PBXNativeTarget "PVBliss" */ = {
			isa = XCConfigurationList;
			buildConfigurations = (
				B36703812896357400F75595 /* Debug */,
				B36703822896357400F75595 /* Release */,
			);
			defaultConfigurationIsVisible = 0;
			defaultConfigurationName = Release;
		};
		B36703EA289635C500F75595 /* Build configuration list for PBXNativeTarget "PVBliss-tvOS" */ = {
			isa = XCConfigurationList;
			buildConfigurations = (
				B36703EB289635C500F75595 /* Debug */,
				B36703EC289635C500F75595 /* Release */,
			);
			defaultConfigurationIsVisible = 0;
			defaultConfigurationName = Release;
		};
/* End XCConfigurationList section */
	};
	rootObject = 089C1669FE841209C02AAC07 /* Project object */;
}
